// !$*UTF8*$!
{
	archiveVersion = 1;
	classes = {
	};
	objectVersion = 55;
	objects = {

/* Begin PBXBuildFile section */
		D25CA8EF283AA72700EEAF7D /* items.json in Resources */ = {isa = PBXBuildFile; fileRef = D25CA8EE283AA72700EEAF7D /* items.json */; };
		D25CA8F4283AA7C200EEAF7D /* ItemModel.swift in Sources */ = {isa = PBXBuildFile; fileRef = D25CA8F3283AA7C200EEAF7D /* ItemModel.swift */; };
		D25CA8F7283AA85F00EEAF7D /* CodableBundleExtension.swift in Sources */ = {isa = PBXBuildFile; fileRef = D25CA8F6283AA85F00EEAF7D /* CodableBundleExtension.swift */; };
		D25CA8FE283AB3D000EEAF7D /* ItemRowComponentView.swift in Sources */ = {isa = PBXBuildFile; fileRef = D25CA8FD283AB3D000EEAF7D /* ItemRowComponentView.swift */; };
		D2E6673D283A8FB400027B87 /* CartApp.swift in Sources */ = {isa = PBXBuildFile; fileRef = D2E6673C283A8FB400027B87 /* CartApp.swift */; };
		D2E6673F283A8FB400027B87 /* ContentView.swift in Sources */ = {isa = PBXBuildFile; fileRef = D2E6673E283A8FB400027B87 /* ContentView.swift */; };
		D2E66741283A8FB800027B87 /* Assets.xcassets in Resources */ = {isa = PBXBuildFile; fileRef = D2E66740283A8FB800027B87 /* Assets.xcassets */; };
		D2E66744283A8FB800027B87 /* Preview Assets.xcassets in Resources */ = {isa = PBXBuildFile; fileRef = D2E66743283A8FB800027B87 /* Preview Assets.xcassets */; };
		D2E6674C283A970C00027B87 /* MainView.swift in Sources */ = {isa = PBXBuildFile; fileRef = D2E6674B283A970C00027B87 /* MainView.swift */; };
		D2E6674E283A97C600027B87 /* ItemsView.swift in Sources */ = {isa = PBXBuildFile; fileRef = D2E6674D283A97C600027B87 /* ItemsView.swift */; };
		D2E66750283A98FF00027B87 /* AddNewView.swift in Sources */ = {isa = PBXBuildFile; fileRef = D2E6674F283A98FF00027B87 /* AddNewView.swift */; };
/* End PBXBuildFile section */

/* Begin PBXFileReference section */
		D25CA8EE283AA72700EEAF7D /* items.json */ = {isa = PBXFileReference; lastKnownFileType = text.json; path = items.json; sourceTree = "<group>"; };
		D25CA8F3283AA7C200EEAF7D /* ItemModel.swift */ = {isa = PBXFileReference; lastKnownFileType = sourcecode.swift; path = ItemModel.swift; sourceTree = "<group>"; };
		D25CA8F6283AA85F00EEAF7D /* CodableBundleExtension.swift */ = {isa = PBXFileReference; lastKnownFileType = sourcecode.swift; path = CodableBundleExtension.swift; sourceTree = "<group>"; };
		D25CA8FD283AB3D000EEAF7D /* ItemRowComponentView.swift */ = {isa = PBXFileReference; fileEncoding = 4; lastKnownFileType = sourcecode.swift; path = ItemRowComponentView.swift; sourceTree = "<group>"; };
		D2E66739283A8FB400027B87 /* Cart.app */ = {isa = PBXFileReference; explicitFileType = wrapper.application; includeInIndex = 0; path = Cart.app; sourceTree = BUILT_PRODUCTS_DIR; };
		D2E6673C283A8FB400027B87 /* CartApp.swift */ = {isa = PBXFileReference; lastKnownFileType = sourcecode.swift; path = CartApp.swift; sourceTree = "<group>"; };
		D2E6673E283A8FB400027B87 /* ContentView.swift */ = {isa = PBXFileReference; lastKnownFileType = sourcecode.swift; path = ContentView.swift; sourceTree = "<group>"; };
		D2E66740283A8FB800027B87 /* Assets.xcassets */ = {isa = PBXFileReference; lastKnownFileType = folder.assetcatalog; path = Assets.xcassets; sourceTree = "<group>"; };
		D2E66743283A8FB800027B87 /* Preview Assets.xcassets */ = {isa = PBXFileReference; lastKnownFileType = folder.assetcatalog; path = "Preview Assets.xcassets"; sourceTree = "<group>"; };
		D2E6674B283A970C00027B87 /* MainView.swift */ = {isa = PBXFileReference; lastKnownFileType = sourcecode.swift; path = MainView.swift; sourceTree = "<group>"; };
		D2E6674D283A97C600027B87 /* ItemsView.swift */ = {isa = PBXFileReference; lastKnownFileType = sourcecode.swift; path = ItemsView.swift; sourceTree = "<group>"; };
		D2E6674F283A98FF00027B87 /* AddNewView.swift */ = {isa = PBXFileReference; lastKnownFileType = sourcecode.swift; path = AddNewView.swift; sourceTree = "<group>"; };
/* End PBXFileReference section */

/* Begin PBXFrameworksBuildPhase section */
		D2E66736283A8FB400027B87 /* Frameworks */ = {
			isa = PBXFrameworksBuildPhase;
			buildActionMask = 2147483647;
			files = (
			);
			runOnlyForDeploymentPostprocessing = 0;
		};
/* End PBXFrameworksBuildPhase section */

/* Begin PBXGroup section */
		D25CA8EB283AA6D400EEAF7D /* Data */ = {
			isa = PBXGroup;
			children = (
				D25CA8EE283AA72700EEAF7D /* items.json */,
			);
			path = Data;
			sourceTree = "<group>";
		};
		D25CA8F2283AA79C00EEAF7D /* Model */ = {
			isa = PBXGroup;
			children = (
				D25CA8F3283AA7C200EEAF7D /* ItemModel.swift */,
			);
			path = Model;
			sourceTree = "<group>";
		};
		D25CA8F5283AA84C00EEAF7D /* Extension */ = {
			isa = PBXGroup;
			children = (
				D25CA8F6283AA85F00EEAF7D /* CodableBundleExtension.swift */,
			);
			path = Extension;
			sourceTree = "<group>";
		};
		D25CA8F8283AAA7200EEAF7D /* Component */ = {
			isa = PBXGroup;
			children = (
				D25CA8FD283AB3D000EEAF7D /* ItemRowComponentView.swift */,
			);
			path = Component;
			sourceTree = "<group>";
		};
		D2E66730283A8FB400027B87 = {
			isa = PBXGroup;
			children = (
				D2E6673B283A8FB400027B87 /* Cart */,
				D2E6673A283A8FB400027B87 /* Products */,
			);
			sourceTree = "<group>";
		};
		D2E6673A283A8FB400027B87 /* Products */ = {
			isa = PBXGroup;
			children = (
				D2E66739283A8FB400027B87 /* Cart.app */,
			);
			name = Products;
			sourceTree = "<group>";
		};
		D2E6673B283A8FB400027B87 /* Cart */ = {
			isa = PBXGroup;
			children = (
				D25CA8F8283AAA7200EEAF7D /* Component */,
				D25CA8F5283AA84C00EEAF7D /* Extension */,
				D25CA8F2283AA79C00EEAF7D /* Model */,
				D25CA8EB283AA6D400EEAF7D /* Data */,
				D2E6674A283A964200027B87 /* App */,
				D2E66740283A8FB800027B87 /* Assets.xcassets */,
				D2E66742283A8FB800027B87 /* Preview Content */,
			);
			path = Cart;
			sourceTree = "<group>";
		};
		D2E66742283A8FB800027B87 /* Preview Content */ = {
			isa = PBXGroup;
			children = (
				D2E66743283A8FB800027B87 /* Preview Assets.xcassets */,
			);
			path = "Preview Content";
			sourceTree = "<group>";
		};
		D2E6674A283A964200027B87 /* App */ = {
			isa = PBXGroup;
			children = (
				D2E6673C283A8FB400027B87 /* CartApp.swift */,
				D2E6673E283A8FB400027B87 /* ContentView.swift */,
				D2E6674B283A970C00027B87 /* MainView.swift */,
				D2E6674D283A97C600027B87 /* ItemsView.swift */,
				D2E6674F283A98FF00027B87 /* AddNewView.swift */,
			);
			path = App;
			sourceTree = "<group>";
		};
/* End PBXGroup section */

/* Begin PBXNativeTarget section */
		D2E66738283A8FB400027B87 /* Cart */ = {
			isa = PBXNativeTarget;
			buildConfigurationList = D2E66747283A8FB800027B87 /* Build configuration list for PBXNativeTarget "Cart" */;
			buildPhases = (
				D2E66735283A8FB400027B87 /* Sources */,
				D2E66736283A8FB400027B87 /* Frameworks */,
				D2E66737283A8FB400027B87 /* Resources */,
			);
			buildRules = (
			);
			dependencies = (
			);
			name = Cart;
			productName = Cart;
			productReference = D2E66739283A8FB400027B87 /* Cart.app */;
			productType = "com.apple.product-type.application";
		};
/* End PBXNativeTarget section */

/* Begin PBXProject section */
		D2E66731283A8FB400027B87 /* Project object */ = {
			isa = PBXProject;
			attributes = {
				BuildIndependentTargetsInParallel = 1;
				LastSwiftUpdateCheck = 1340;
				LastUpgradeCheck = 1340;
				TargetAttributes = {
					D2E66738283A8FB400027B87 = {
						CreatedOnToolsVersion = 13.4;
					};
				};
			};
			buildConfigurationList = D2E66734283A8FB400027B87 /* Build configuration list for PBXProject "Cart" */;
			compatibilityVersion = "Xcode 13.0";
			developmentRegion = en;
			hasScannedForEncodings = 0;
			knownRegions = (
				en,
				Base,
			);
			mainGroup = D2E66730283A8FB400027B87;
			productRefGroup = D2E6673A283A8FB400027B87 /* Products */;
			projectDirPath = "";
			projectRoot = "";
			targets = (
				D2E66738283A8FB400027B87 /* Cart */,
			);
		};
/* End PBXProject section */

/* Begin PBXResourcesBuildPhase section */
		D2E66737283A8FB400027B87 /* Resources */ = {
			isa = PBXResourcesBuildPhase;
			buildActionMask = 2147483647;
			files = (
				D2E66744283A8FB800027B87 /* Preview Assets.xcassets in Resources */,
				D2E66741283A8FB800027B87 /* Assets.xcassets in Resources */,
				D25CA8EF283AA72700EEAF7D /* items.json in Resources */,
			);
			runOnlyForDeploymentPostprocessing = 0;
		};
/* End PBXResourcesBuildPhase section */

/* Begin PBXSourcesBuildPhase section */
		D2E66735283A8FB400027B87 /* Sources */ = {
			isa = PBXSourcesBuildPhase;
			buildActionMask = 2147483647;
			files = (
				D25CA8F4283AA7C200EEAF7D /* ItemModel.swift in Sources */,
				D2E6673F283A8FB400027B87 /* ContentView.swift in Sources */,
				D2E66750283A98FF00027B87 /* AddNewView.swift in Sources */,
				D2E6674C283A970C00027B87 /* MainView.swift in Sources */,
				D25CA8FE283AB3D000EEAF7D /* ItemRowComponentView.swift in Sources */,
				D2E6673D283A8FB400027B87 /* CartApp.swift in Sources */,
				D25CA8F7283AA85F00EEAF7D /* CodableBundleExtension.swift in Sources */,
				D2E6674E283A97C600027B87 /* ItemsView.swift in Sources */,
			);
			runOnlyForDeploymentPostprocessing = 0;
		};
/* End PBXSourcesBuildPhase section */

/* Begin XCBuildConfiguration section */
		D2E66745283A8FB800027B87 /* Debug */ = {
			isa = XCBuildConfiguration;
			buildSettings = {
				ALWAYS_SEARCH_USER_PATHS = NO;
				CLANG_ANALYZER_NONNULL = YES;
				CLANG_ANALYZER_NUMBER_OBJECT_CONVERSION = YES_AGGRESSIVE;
				CLANG_CXX_LANGUAGE_STANDARD = "gnu++17";
				CLANG_ENABLE_MODULES = YES;
				CLANG_ENABLE_OBJC_ARC = YES;
				CLANG_ENABLE_OBJC_WEAK = YES;
				CLANG_WARN_BLOCK_CAPTURE_AUTORELEASING = YES;
				CLANG_WARN_BOOL_CONVERSION = YES;
				CLANG_WARN_COMMA = YES;
				CLANG_WARN_CONSTANT_CONVERSION = YES;
				CLANG_WARN_DEPRECATED_OBJC_IMPLEMENTATIONS = YES;
				CLANG_WARN_DIRECT_OBJC_ISA_USAGE = YES_ERROR;
				CLANG_WARN_DOCUMENTATION_COMMENTS = YES;
				CLANG_WARN_EMPTY_BODY = YES;
				CLANG_WARN_ENUM_CONVERSION = YES;
				CLANG_WARN_INFINITE_RECURSION = YES;
				CLANG_WARN_INT_CONVERSION = YES;
				CLANG_WARN_NON_LITERAL_NULL_CONVERSION = YES;
				CLANG_WARN_OBJC_IMPLICIT_RETAIN_SELF = YES;
				CLANG_WARN_OBJC_LITERAL_CONVERSION = YES;
				CLANG_WARN_OBJC_ROOT_CLASS = YES_ERROR;
				CLANG_WARN_QUOTED_INCLUDE_IN_FRAMEWORK_HEADER = YES;
				CLANG_WARN_RANGE_LOOP_ANALYSIS = YES;
				CLANG_WARN_STRICT_PROTOTYPES = YES;
				CLANG_WARN_SUSPICIOUS_MOVE = YES;
				CLANG_WARN_UNGUARDED_AVAILABILITY = YES_AGGRESSIVE;
				CLANG_WARN_UNREACHABLE_CODE = YES;
				CLANG_WARN__DUPLICATE_METHOD_MATCH = YES;
				COPY_PHASE_STRIP = NO;
				DEBUG_INFORMATION_FORMAT = dwarf;
				ENABLE_STRICT_OBJC_MSGSEND = YES;
				ENABLE_TESTABILITY = YES;
				GCC_C_LANGUAGE_STANDARD = gnu11;
				GCC_DYNAMIC_NO_PIC = NO;
				GCC_NO_COMMON_BLOCKS = YES;
				GCC_OPTIMIZATION_LEVEL = 0;
				GCC_PREPROCESSOR_DEFINITIONS = (
					"DEBUG=1",
					"$(inherited)",
				);
				GCC_WARN_64_TO_32_BIT_CONVERSION = YES;
				GCC_WARN_ABOUT_RETURN_TYPE = YES_ERROR;
				GCC_WARN_UNDECLARED_SELECTOR = YES;
				GCC_WARN_UNINITIALIZED_AUTOS = YES_AGGRESSIVE;
				GCC_WARN_UNUSED_FUNCTION = YES;
				GCC_WARN_UNUSED_VARIABLE = YES;
				IPHONEOS_DEPLOYMENT_TARGET = 15.5;
				MTL_ENABLE_DEBUG_INFO = INCLUDE_SOURCE;
				MTL_FAST_MATH = YES;
				ONLY_ACTIVE_ARCH = YES;
				SDKROOT = iphoneos;
				SWIFT_ACTIVE_COMPILATION_CONDITIONS = DEBUG;
				SWIFT_OPTIMIZATION_LEVEL = "-Onone";
			};
			name = Debug;
		};
		D2E66746283A8FB800027B87 /* Release */ = {
			isa = XCBuildConfiguration;
			buildSettings = {
				ALWAYS_SEARCH_USER_PATHS = NO;
				CLANG_ANALYZER_NONNULL = YES;
				CLANG_ANALYZER_NUMBER_OBJECT_CONVERSION = YES_AGGRESSIVE;
				CLANG_CXX_LANGUAGE_STANDARD = "gnu++17";
				CLANG_ENABLE_MODULES = YES;
				CLANG_ENABLE_OBJC_ARC = YES;
				CLANG_ENABLE_OBJC_WEAK = YES;
				CLANG_WARN_BLOCK_CAPTURE_AUTORELEASING = YES;
				CLANG_WARN_BOOL_CONVERSION = YES;
				CLANG_WARN_COMMA = YES;
				CLANG_WARN_CONSTANT_CONVERSION = YES;
				CLANG_WARN_DEPRECATED_OBJC_IMPLEMENTATIONS = YES;
				CLANG_WARN_DIRECT_OBJC_ISA_USAGE = YES_ERROR;
				CLANG_WARN_DOCUMENTATION_COMMENTS = YES;
				CLANG_WARN_EMPTY_BODY = YES;
				CLANG_WARN_ENUM_CONVERSION = YES;
				CLANG_WARN_INFINITE_RECURSION = YES;
				CLANG_WARN_INT_CONVERSION = YES;
				CLANG_WARN_NON_LITERAL_NULL_CONVERSION = YES;
				CLANG_WARN_OBJC_IMPLICIT_RETAIN_SELF = YES;
				CLANG_WARN_OBJC_LITERAL_CONVERSION = YES;
				CLANG_WARN_OBJC_ROOT_CLASS = YES_ERROR;
				CLANG_WARN_QUOTED_INCLUDE_IN_FRAMEWORK_HEADER = YES;
				CLANG_WARN_RANGE_LOOP_ANALYSIS = YES;
				CLANG_WARN_STRICT_PROTOTYPES = YES;
				CLANG_WARN_SUSPICIOUS_MOVE = YES;
				CLANG_WARN_UNGUARDED_AVAILABILITY = YES_AGGRESSIVE;
				CLANG_WARN_UNREACHABLE_CODE = YES;
				CLANG_WARN__DUPLICATE_METHOD_MATCH = YES;
				COPY_PHASE_STRIP = NO;
				DEBUG_INFORMATION_FORMAT = "dwarf-with-dsym";
				ENABLE_NS_ASSERTIONS = NO;
				ENABLE_STRICT_OBJC_MSGSEND = YES;
				GCC_C_LANGUAGE_STANDARD = gnu11;
				GCC_NO_COMMON_BLOCKS = YES;
				GCC_WARN_64_TO_32_BIT_CONVERSION = YES;
				GCC_WARN_ABOUT_RETURN_TYPE = YES_ERROR;
				GCC_WARN_UNDECLARED_SELECTOR = YES;
				GCC_WARN_UNINITIALIZED_AUTOS = YES_AGGRESSIVE;
				GCC_WARN_UNUSED_FUNCTION = YES;
				GCC_WARN_UNUSED_VARIABLE = YES;
				IPHONEOS_DEPLOYMENT_TARGET = 15.5;
				MTL_ENABLE_DEBUG_INFO = NO;
				MTL_FAST_MATH = YES;
				SDKROOT = iphoneos;
				SWIFT_COMPILATION_MODE = wholemodule;
				SWIFT_OPTIMIZATION_LEVEL = "-O";
				VALIDATE_PRODUCT = YES;
			};
			name = Release;
		};
		D2E66748283A8FB800027B87 /* Debug */ = {
			isa = XCBuildConfiguration;
			buildSettings = {
				ASSETCATALOG_COMPILER_APPICON_NAME = AppIcon;
				ASSETCATALOG_COMPILER_GLOBAL_ACCENT_COLOR_NAME = AccentColor;
				CODE_SIGN_STYLE = Automatic;
				CURRENT_PROJECT_VERSION = 1;
				DEVELOPMENT_ASSET_PATHS = "\"Cart/Preview Content\"";
				DEVELOPMENT_TEAM = 6YBJ6YXH26;
				ENABLE_PREVIEWS = YES;
				GENERATE_INFOPLIST_FILE = YES;
				INFOPLIST_KEY_UIApplicationSceneManifest_Generation = YES;
				INFOPLIST_KEY_UIApplicationSupportsIndirectInputEvents = YES;
				INFOPLIST_KEY_UILaunchScreen_Generation = YES;
				INFOPLIST_KEY_UISupportedInterfaceOrientations_iPad = "UIInterfaceOrientationPortrait UIInterfaceOrientationPortraitUpsideDown UIInterfaceOrientationLandscapeLeft UIInterfaceOrientationLandscapeRight";
				INFOPLIST_KEY_UISupportedInterfaceOrientations_iPhone = "UIInterfaceOrientationPortrait UIInterfaceOrientationLandscapeLeft UIInterfaceOrientationLandscapeRight";
				INFOPLIST_KEY_UIUserInterfaceStyle = Dark;
				LD_RUNPATH_SEARCH_PATHS = (
					"$(inherited)",
					"@executable_path/Frameworks",
				);
				MARKETING_VERSION = 1.0;
				PRODUCT_BUNDLE_IDENTIFIER = "Ergo-Proxy.Cart";
				PRODUCT_NAME = "$(TARGET_NAME)";
				SWIFT_EMIT_LOC_STRINGS = YES;
				SWIFT_VERSION = 5.0;
				TARGETED_DEVICE_FAMILY = "1,2";
			};
			name = Debug;
		};
		D2E66749283A8FB800027B87 /* Release */ = {
			isa = XCBuildConfiguration;
			buildSettings = {
				ASSETCATALOG_COMPILER_APPICON_NAME = AppIcon;
				ASSETCATALOG_COMPILER_GLOBAL_ACCENT_COLOR_NAME = AccentColor;
				CODE_SIGN_STYLE = Automatic;
				CURRENT_PROJECT_VERSION = 1;
				DEVELOPMENT_ASSET_PATHS = "\"Cart/Preview Content\"";
				DEVELOPMENT_TEAM = 6YBJ6YXH26;
				ENABLE_PREVIEWS = YES;
				GENERATE_INFOPLIST_FILE = YES;
				INFOPLIST_KEY_UIApplicationSceneManifest_Generation = YES;
				INFOPLIST_KEY_UIApplicationSupportsIndirectInputEvents = YES;
				INFOPLIST_KEY_UILaunchScreen_Generation = YES;
				INFOPLIST_KEY_UISupportedInterfaceOrientations_iPad = "UIInterfaceOrientationPortrait UIInterfaceOrientationPortraitUpsideDown UIInterfaceOrientationLandscapeLeft UIInterfaceOrientationLandscapeRight";
				INFOPLIST_KEY_UISupportedInterfaceOrientations_iPhone = "UIInterfaceOrientationPortrait UIInterfaceOrientationLandscapeLeft UIInterfaceOrientationLandscapeRight";
				INFOPLIST_KEY_UIUserInterfaceStyle = Dark;
				LD_RUNPATH_SEARCH_PATHS = (
					"$(inherited)",
					"@executable_path/Frameworks",
				);
				MARKETING_VERSION = 1.0;
				PRODUCT_BUNDLE_IDENTIFIER = "Ergo-Proxy.Cart";
				PRODUCT_NAME = "$(TARGET_NAME)";
				SWIFT_EMIT_LOC_STRINGS = YES;
				SWIFT_VERSION = 5.0;
				TARGETED_DEVICE_FAMILY = "1,2";
			};
			name = Release;
		};
/* End XCBuildConfiguration section */

/* Begin XCConfigurationList section */
		D2E66734283A8FB400027B87 /* Build configuration list for PBXProject "Cart" */ = {
			isa = XCConfigurationList;
			buildConfigurations = (
				D2E66745283A8FB800027B87 /* Debug */,
				D2E66746283A8FB800027B87 /* Release */,
			);
			defaultConfigurationIsVisible = 0;
			defaultConfigurationName = Release;
		};
		D2E66747283A8FB800027B87 /* Build configuration list for PBXNativeTarget "Cart" */ = {
			isa = XCConfigurationList;
			buildConfigurations = (
				D2E66748283A8FB800027B87 /* Debug */,
				D2E66749283A8FB800027B87 /* Release */,
			);
			defaultConfigurationIsVisible = 0;
			defaultConfigurationName = Release;
		};
/* End XCConfigurationList section */
	};
	rootObject = D2E66731283A8FB400027B87 /* Project object */;
}
